// !$*UTF8*$!
{
	archiveVersion = 1;
	classes = {
	};
	objectVersion = 46;
	objects = {

/* Begin PBXBuildFile section */
		E11C83401AE4B4E700C023B9 /* main.m in Sources */ = {isa = PBXBuildFile; fileRef = E11C833F1AE4B4E700C023B9 /* main.m */; };
		E11C83431AE4B4E700C023B9 /* AppDelegate.m in Sources */ = {isa = PBXBuildFile; fileRef = E11C83421AE4B4E700C023B9 /* AppDelegate.m */; };
		E11C83461AE4B4E700C023B9 /* ViewController.m in Sources */ = {isa = PBXBuildFile; fileRef = E11C83451AE4B4E700C023B9 /* ViewController.m */; };
		E11C83491AE4B4E700C023B9 /* Main.storyboard in Resources */ = {isa = PBXBuildFile; fileRef = E11C83471AE4B4E700C023B9 /* Main.storyboard */; };
		E11C834B1AE4B4E700C023B9 /* Images.xcassets in Resources */ = {isa = PBXBuildFile; fileRef = E11C834A1AE4B4E700C023B9 /* Images.xcassets */; };
		E11C834E1AE4B4E700C023B9 /* LaunchScreen.xib in Resources */ = {isa = PBXBuildFile; fileRef = E11C834C1AE4B4E700C023B9 /* LaunchScreen.xib */; };
		E1206FD61AE4D096005652F5 /* TSNotificationCenter.m in Sources */ = {isa = PBXBuildFile; fileRef = E1206FD41AE4D096005652F5 /* TSNotificationCenter.m */; };
/* End PBXBuildFile section */

/* Begin PBXFileReference section */
		E11C833A1AE4B4E700C023B9 /* demo.app */ = {isa = PBXFileReference; explicitFileType = wrapper.application; includeInIndex = 0; path = demo.app; sourceTree = BUILT_PRODUCTS_DIR; };
		E11C833E1AE4B4E700C023B9 /* Info.plist */ = {isa = PBXFileReference; lastKnownFileType = text.plist.xml; path = Info.plist; sourceTree = "<group>"; };
		E11C833F1AE4B4E700C023B9 /* main.m */ = {isa = PBXFileReference; lastKnownFileType = sourcecode.c.objc; path = main.m; sourceTree = "<group>"; };
		E11C83411AE4B4E700C023B9 /* AppDelegate.h */ = {isa = PBXFileReference; lastKnownFileType = sourcecode.c.h; path = AppDelegate.h; sourceTree = "<group>"; };
		E11C83421AE4B4E700C023B9 /* AppDelegate.m */ = {isa = PBXFileReference; lastKnownFileType = sourcecode.c.objc; path = AppDelegate.m; sourceTree = "<group>"; };
		E11C83441AE4B4E700C023B9 /* ViewController.h */ = {isa = PBXFileReference; lastKnownFileType = sourcecode.c.h; path = ViewController.h; sourceTree = "<group>"; };
		E11C83451AE4B4E700C023B9 /* ViewController.m */ = {isa = PBXFileReference; lastKnownFileType = sourcecode.c.objc; path = ViewController.m; sourceTree = "<group>"; };
		E11C83481AE4B4E700C023B9 /* Base */ = {isa = PBXFileReference; lastKnownFileType = file.storyboard; name = Base; path = Base.lproj/Main.storyboard; sourceTree = "<group>"; };
		E11C834A1AE4B4E700C023B9 /* Images.xcassets */ = {isa = PBXFileReference; lastKnownFileType = folder.assetcatalog; path = Images.xcassets; sourceTree = "<group>"; };
		E11C834D1AE4B4E700C023B9 /* Base */ = {isa = PBXFileReference; lastKnownFileType = file.xib; name = Base; path = Base.lproj/LaunchScreen.xib; sourceTree = "<group>"; };
		E1206FD31AE4D096005652F5 /* TSNotificationCenter.h */ = {isa = PBXFileReference; fileEncoding = 4; lastKnownFileType = sourcecode.c.h; path = TSNotificationCenter.h; sourceTree = "<group>"; };
		E1206FD41AE4D096005652F5 /* TSNotificationCenter.m */ = {isa = PBXFileReference; fileEncoding = 4; lastKnownFileType = sourcecode.c.objc; path = TSNotificationCenter.m; sourceTree = "<group>"; };
		E1206FD51AE4D096005652F5 /* TSNotificationCenter__config.h */ = {isa = PBXFileReference; fileEncoding = 4; lastKnownFileType = sourcecode.c.h; path = TSNotificationCenter__config.h; sourceTree = "<group>"; };
/* End PBXFileReference section */

/* Begin PBXFrameworksBuildPhase section */
		E11C83371AE4B4E700C023B9 /* Frameworks */ = {
			isa = PBXFrameworksBuildPhase;
			buildActionMask = 2147483647;
			files = (
			);
			runOnlyForDeploymentPostprocessing = 0;
		};
/* End PBXFrameworksBuildPhase section */

/* Begin PBXGroup section */
		E11C83311AE4B4E700C023B9 = {
			isa = PBXGroup;
			children = (
				E1206FD21AE4D096005652F5 /* TSNotificationCenter */,
				E11C833C1AE4B4E700C023B9 /* demo */,
				E11C833B1AE4B4E700C023B9 /* Products */,
			);
			sourceTree = "<group>";
		};
		E11C833B1AE4B4E700C023B9 /* Products */ = {
			isa = PBXGroup;
			children = (
				E11C833A1AE4B4E700C023B9 /* demo.app */,
			);
			name = Products;
			sourceTree = "<group>";
		};
		E11C833C1AE4B4E700C023B9 /* demo */ = {
			isa = PBXGroup;
			children = (
				E11C83411AE4B4E700C023B9 /* AppDelegate.h */,
				E11C83421AE4B4E700C023B9 /* AppDelegate.m */,
				E11C83441AE4B4E700C023B9 /* ViewController.h */,
				E11C83451AE4B4E700C023B9 /* ViewController.m */,
				E11C83471AE4B4E700C023B9 /* Main.storyboard */,
				E11C834A1AE4B4E700C023B9 /* Images.xcassets */,
				E11C834C1AE4B4E700C023B9 /* LaunchScreen.xib */,
				E11C833D1AE4B4E700C023B9 /* Supporting Files */,
			);
			path = demo;
			sourceTree = "<group>";
		};
		E11C833D1AE4B4E700C023B9 /* Supporting Files */ = {
			isa = PBXGroup;
			children = (
				E11C833E1AE4B4E700C023B9 /* Info.plist */,
				E11C833F1AE4B4E700C023B9 /* main.m */,
			);
			name = "Supporting Files";
			sourceTree = "<group>";
		};
		E1206FD21AE4D096005652F5 /* TSNotificationCenter */ = {
			isa = PBXGroup;
			children = (
				E1206FD31AE4D096005652F5 /* TSNotificationCenter.h */,
				E1206FD41AE4D096005652F5 /* TSNotificationCenter.m */,
				E1206FD51AE4D096005652F5 /* TSNotificationCenter__config.h */,
			);
			path = TSNotificationCenter;
			sourceTree = "<group>";
		};
/* End PBXGroup section */

/* Begin PBXNativeTarget section */
		E11C83391AE4B4E700C023B9 /* demo */ = {
			isa = PBXNativeTarget;
			buildConfigurationList = E11C835D1AE4B4E700C023B9 /* Build configuration list for PBXNativeTarget "demo" */;
			buildPhases = (
				E11C83361AE4B4E700C023B9 /* Sources */,
				E11C83371AE4B4E700C023B9 /* Frameworks */,
				E11C83381AE4B4E700C023B9 /* Resources */,
			);
			buildRules = (
			);
			dependencies = (
			);
			name = demo;
			productName = demo;
			productReference = E11C833A1AE4B4E700C023B9 /* demo.app */;
			productType = "com.apple.product-type.application";
		};
/* End PBXNativeTarget section */

/* Begin PBXProject section */
		E11C83321AE4B4E700C023B9 /* Project object */ = {
			isa = PBXProject;
			attributes = {
				LastUpgradeCheck = 0620;
				ORGANIZATIONNAME = zsbrother;
				TargetAttributes = {
					E11C83391AE4B4E700C023B9 = {
						CreatedOnToolsVersion = 6.2;
					};
				};
			};
			buildConfigurationList = E11C83351AE4B4E700C023B9 /* Build configuration list for PBXProject "demo" */;
			compatibilityVersion = "Xcode 3.2";
			developmentRegion = English;
			hasScannedForEncodings = 0;
			knownRegions = (
				en,
				Base,
			);
			mainGroup = E11C83311AE4B4E700C023B9;
			productRefGroup = E11C833B1AE4B4E700C023B9 /* Products */;
			projectDirPath = "";
			projectRoot = "";
			targets = (
				E11C83391AE4B4E700C023B9 /* demo */,
			);
		};
/* End PBXProject section */

/* Begin PBXResourcesBuildPhase section */
		E11C83381AE4B4E700C023B9 /* Resources */ = {
			isa = PBXResourcesBuildPhase;
			buildActionMask = 2147483647;
			files = (
				E11C83491AE4B4E700C023B9 /* Main.storyboard in Resources */,
				E11C834E1AE4B4E700C023B9 /* LaunchScreen.xib in Resources */,
				E11C834B1AE4B4E700C023B9 /* Images.xcassets in Resources */,
			);
			runOnlyForDeploymentPostprocessing = 0;
		};
/* End PBXResourcesBuildPhase section */

/* Begin PBXSourcesBuildPhase section */
		E11C83361AE4B4E700C023B9 /* Sources */ = {
			isa = PBXSourcesBuildPhase;
			buildActionMask = 2147483647;
			files = (
				E11C83461AE4B4E700C023B9 /* ViewController.m in Sources */,
				E11C83431AE4B4E700C023B9 /* AppDelegate.m in Sources */,
				E11C83401AE4B4E700C023B9 /* main.m in Sources */,
				E1206FD61AE4D096005652F5 /* TSNotificationCenter.m in Sources */,
			);
			runOnlyForDeploymentPostprocessing = 0;
		};
/* End PBXSourcesBuildPhase section */

/* Begin PBXVariantGroup section */
		E11C83471AE4B4E700C023B9 /* Main.storyboard */ = {
			isa = PBXVariantGroup;
			children = (
				E11C83481AE4B4E700C023B9 /* Base */,
			);
			name = Main.storyboard;
			sourceTree = "<group>";
		};
		E11C834C1AE4B4E700C023B9 /* LaunchScreen.xib */ = {
			isa = PBXVariantGroup;
			children = (
				E11C834D1AE4B4E700C023B9 /* Base */,
			);
			name = LaunchScreen.xib;
			sourceTree = "<group>";
		};
/* End PBXVariantGroup section */

/* Begin XCBuildConfiguration section */
		E11C835B1AE4B4E700C023B9 /* Debug */ = {
			isa = XCBuildConfiguration;
			buildSettings = {
				ALWAYS_SEARCH_USER_PATHS = NO;
				CLANG_CXX_LANGUAGE_STANDARD = "gnu++0x";
				CLANG_CXX_LIBRARY = "libc++";
				CLANG_ENABLE_MODULES = YES;
				CLANG_ENABLE_OBJC_ARC = YES;
				CLANG_WARN_BOOL_CONVERSION = YES;
				CLANG_WARN_CONSTANT_CONVERSION = YES;
				CLANG_WARN_DIRECT_OBJC_ISA_USAGE = YES_ERROR;
				CLANG_WARN_EMPTY_BODY = YES;
				CLANG_WARN_ENUM_CONVERSION = YES;
				CLANG_WARN_INT_CONVERSION = YES;
				CLANG_WARN_OBJC_ROOT_CLASS = YES_ERROR;
				CLANG_WARN_UNREACHABLE_CODE = YES;
				CLANG_WARN__DUPLICATE_METHOD_MATCH = YES;
				"CODE_SIGN_IDENTITY[sdk=iphoneos*]" = "iPhone Developer";
				COPY_PHASE_STRIP = NO;
				ENABLE_STRICT_OBJC_MSGSEND = YES;
				GCC_C_LANGUAGE_STANDARD = gnu99;
				GCC_DYNAMIC_NO_PIC = NO;
				GCC_OPTIMIZATION_LEVEL = 0;
				GCC_PREPROCESSOR_DEFINITIONS = (
					"DEBUG=1",
					"$(inherited)",
				);
				GCC_SYMBOLS_PRIVATE_EXTERN = NO;
				GCC_WARN_64_TO_32_BIT_CONVERSION = YES;
				GCC_WARN_ABOUT_RETURN_TYPE = YES_ERROR;
				GCC_WARN_UNDECLARED_SELECTOR = YES;
				GCC_WARN_UNINITIALIZED_AUTOS = YES_AGGRESSIVE;
				GCC_WARN_UNUSED_FUNCTION = YES;
				GCC_WARN_UNUSED_VARIABLE = YES;
				IPHONEOS_DEPLOYMENT_TARGET = 8.2;
				MTL_ENABLE_DEBUG_INFO = YES;
				ONLY_ACTIVE_ARCH = YES;
				SDKROOT = iphoneos;
			};
			name = Debug;
		};
		E11C835C1AE4B4E700C023B9 /* Release */ = {
			isa = XCBuildConfiguration;
			buildSettings = {
				ALWAYS_SEARCH_USER_PATHS = NO;
				CLANG_CXX_LANGUAGE_STANDARD = "gnu++0x";
				CLANG_CXX_LIBRARY = "libc++";
				CLANG_ENABLE_MODULES = YES;
				CLANG_ENABLE_OBJC_ARC = YES;
				CLANG_WARN_BOOL_CONVERSION = YES;
				CLANG_WARN_CONSTANT_CONVERSION = YES;
				CLANG_WARN_DIRECT_OBJC_ISA_USAGE = YES_ERROR;
				CLANG_WARN_EMPTY_BODY = YES;
				CLANG_WARN_ENUM_CONVERSION = YES;
				CLANG_WARN_INT_CONVERSION = YES;
				CLANG_WARN_OBJC_ROOT_CLASS = YES_ERROR;
				CLANG_WARN_UNREACHABLE_CODE = YES;
				CLANG_WARN__DUPLICATE_METHOD_MATCH = YES;
				"CODE_SIGN_IDENTITY[sdk=iphoneos*]" = "iPhone Developer";
				COPY_PHASE_STRIP = NO;
				ENABLE_NS_ASSERTIONS = NO;
				ENABLE_STRICT_OBJC_MSGSEND = YES;
				GCC_C_LANGUAGE_STANDARD = gnu99;
				GCC_WARN_64_TO_32_BIT_CONVERSION = YES;
				GCC_WARN_ABOUT_RETURN_TYPE = YES_ERROR;
				GCC_WARN_UNDECLARED_SELECTOR = YES;
				GCC_WARN_UNINITIALIZED_AUTOS = YES_AGGRESSIVE;
				GCC_WARN_UNUSED_FUNCTION = YES;
				GCC_WARN_UNUSED_VARIABLE = YES;
				IPHONEOS_DEPLOYMENT_TARGET = 8.2;
				MTL_ENABLE_DEBUG_INFO = NO;
				SDKROOT = iphoneos;
				VALIDATE_PRODUCT = YES;
			};
			name = Release;
		};
		E11C835E1AE4B4E700C023B9 /* Debug */ = {
			isa = XCBuildConfiguration;
			buildSettings = {
				ASSETCATALOG_COMPILER_APPICON_NAME = AppIcon;
				INFOPLIST_FILE = demo/Info.plist;
				LD_RUNPATH_SEARCH_PATHS = "$(inherited) @executable_path/Frameworks";
				PRODUCT_NAME = "$(TARGET_NAME)";
			};
			name = Debug;
		};
		E11C835F1AE4B4E700C023B9 /* Release */ = {
			isa = XCBuildConfiguration;
			buildSettings = {
				ASSETCATALOG_COMPILER_APPICON_NAME = AppIcon;
				INFOPLIST_FILE = demo/Info.plist;
				LD_RUNPATH_SEARCH_PATHS = "$(inherited) @executable_path/Frameworks";
				PRODUCT_NAME = "$(TARGET_NAME)";
			};
			name = Release;
		};
/* End XCBuildConfiguration section */

/* Begin XCConfigurationList section */
		E11C83351AE4B4E700C023B9 /* Build configuration list for PBXProject "demo" */ = {
			isa = XCConfigurationList;
			buildConfigurations = (
				E11C835B1AE4B4E700C023B9 /* Debug */,
				E11C835C1AE4B4E700C023B9 /* Release */,
			);
			defaultConfigurationIsVisible = 0;
			defaultConfigurationName = Release;
		};
		E11C835D1AE4B4E700C023B9 /* Build configuration list for PBXNativeTarget "demo" */ = {
			isa = XCConfigurationList;
			buildConfigurations = (
				E11C835E1AE4B4E700C023B9 /* Debug */,
				E11C835F1AE4B4E700C023B9 /* Release */,
			);
			defaultConfigurationIsVisible = 0;
			defaultConfigurationName = Release;
		};
/* End XCConfigurationList section */
	};
	rootObject = E11C83321AE4B4E700C023B9 /* Project object */;
}
